
Microsoft Visual Studio Solution File, Format Version 12.00
# Visual Studio Version 17
VisualStudioVersion = 17.0.32112.339
MinimumVisualStudioVersion = 10.0.40219.1
Project("{FAE04EC0-301F-11D3-BF4B-00C04F79EFBC}") = "PhoneBook", "PhoneBook\PhoneBook.csproj", "{1D0FBDFF-5B0D-4D5B-9720-545DB791ABD5}"
EndProject
Global
	GlobalSection(SolutionConfigurationPlatforms) = preSolution
		Debug|Any CPU = Debug|Any CPU
		Release|Any CPU = Release|Any CPU
	EndGlobalSection
	GlobalSection(ProjectConfigurationPlatforms) = postSolution
		{1D0FBDFF-5B0D-4D5B-9720-545DB791ABD5}.Debug|Any CPU.ActiveCfg = Debug|Any CPU
		{1D0FBDFF-5B0D-4D5B-9720-545DB791ABD5}.Debug|Any CPU.Build.0 = Debug|Any CPU
		{1D0FBDFF-5B0D-4D5B-9720-545DB791ABD5}.Release|Any CPU.ActiveCfg = Release|Any CPU
		{1D0FBDFF-5B0D-4D5B-9720-545DB791ABD5}.Release|Any CPU.Build.0 = Release|Any CPU
	EndGlobalSection
	GlobalSection(SolutionProperties) = preSolution
		HideSolutionNode = FALSE
	EndGlobalSection
	GlobalSection(ExtensibilityGlobals) = postSolution
		SolutionGuid = {3CBCB185-0158-405C-9386-10654EB5E9B5}
	EndGlobalSection
EndGlobal
